<?xml version="1.0" encoding="utf-8"?>
<Project ToolsVersion="4.0" xmlns="http://schemas.microsoft.com/developer/msbuild/2003">
  <ItemGroup>
    <Filter Include="Source Files">
      <UniqueIdentifier>{4FC737F1-C7A5-4376-A066-2A32D752A2FF}</UniqueIdentifier>
      <Extensions>cpp;c;cc;cxx;c++;cppm;ixx;def;odl;idl;hpj;bat;asm;asmx</Extensions>
    </Filter>
    <Filter Include="Graphics">
      <UniqueIdentifier>{5db93b37-9539-4ccb-862a-f4411d75917c}</UniqueIdentifier>
    </Filter>
    <Filter Include="Audio">
      <UniqueIdentifier>{7cf43e44-9ab5-46e9-99d0-c73242d28c08}</UniqueIdentifier>
    </Filter>
    <Filter Include="Handlers">
      <UniqueIdentifier>{ebd4e05f-08bb-442a-a4ec-b83c18034e5c}</UniqueIdentifier>
    </Filter>
    <Filter Include="core">
      <UniqueIdentifier>{69d43b28-7a19-4a47-804f-cfd52fa1c1f5}</UniqueIdentifier>
    </Filter>
    <Filter Include="core\inputs">
      <UniqueIdentifier>{6b9d6c41-7d4b-45e5-80a0-37819d5f6e5c}</UniqueIdentifier>
    </Filter>
  </ItemGroup>
  <ItemGroup>
    <ClCompile Include="Application.cpp">
      <Filter>Source Files</Filter>
    </ClCompile>
    <ClCompile Include="core\Audio\AudioManager.cpp">
      <Filter>Audio</Filter>
    </ClCompile>
    <ClCompile Include="core\Graphics\Window.cpp">
      <Filter>Graphics</Filter>
    </ClCompile>
    <ClCompile Include="core\Handling\Event.cpp">
      <Filter>Handlers</Filter>
    </ClCompile>
    <ClCompile Include="core\Handling\EventHandler.cpp">
      <Filter>Handlers</Filter>
    </ClCompile>
    <ClCompile Include="core\Inputs\InputSystem.cpp">
      <Filter>core\inputs</Filter>
    </ClCompile>
    <ClCompile Include="Engine.cpp">
      <Filter>Source Files</Filter>
    </ClCompile>
  </ItemGroup>
  <ItemGroup>
    <ClInclude Include="core\Audio\AudioManager.h">
      <Filter>Audio</Filter>
    </ClInclude>
    <ClInclude Include="core\Graphics\Window.h">
      <Filter>Graphics</Filter>
    </ClInclude>
    <ClInclude Include="core\Handling\Event.h">
      <Filter>Handlers</Filter>
    </ClInclude>
    <ClInclude Include="core\Handling\EventHandler.h">
      <Filter>Handlers</Filter>
    </ClInclude>
    <ClInclude Include="core\SubSystem.h">
      <Filter>core</Filter>
    </ClInclude>
    <ClInclude Include="core\Inputs\InputSystem.h">
      <Filter>core\inputs</Filter>
    </ClInclude>
    <ClInclude Include="Engine.h">
      <Filter>Source Files</Filter>
    </ClInclude>
    <ClInclude Include="resource.h" />
  </ItemGroup>
  <ItemGroup>
    <ResourceCompile Include="App.Tetris.rc" />
  </ItemGroup>
</Project>